# This file was autogenerated by Stack.
# You should not edit this file by hand.
# For more information, please see the documentation at:
#   https://docs.haskellstack.org/en/stable/lock_files

packages: []
snapshots:
- completed:
    sha256: 205ca2e5bd4ce1d73503f602cce899abcb4b08c4e9057e326179718a1d2c3c85
    size: 614845
    url: https://raw.githubusercontent.com/commercialhaskell/stackage-snapshots/master/nightly/2022/6/28.yaml
  original: nightly-2022-06-28
